
Microsoft Visual Studio Solution File, Format Version 12.00
# Visual Studio Version 17
VisualStudioVersion = 17.0.31825.309
MinimumVisualStudioVersion = 10.0.40219.1
Project("{2150E333-8FDC-42A3-9474-1A3956D46DE8}") = "src", "src", "{9546186D-D4E1-4EDB-956E-1F81C7F4DB72}"
	ProjectSection(SolutionItems) = preProject
		src\Directory.Build.props = src\Directory.Build.props
	EndProjectSection
EndProject
Project("{9A19103F-16F7-4668-BE54-9A1E7A4F7556}") = "Tingle.AspNetCore.ApplicationInsights", "src\Tingle.AspNetCore.ApplicationInsights\Tingle.AspNetCore.ApplicationInsights.csproj", "{644FFD56-7880-4EFB-BBB1-E29FC7EBFD3F}"
EndProject
Project("{9A19103F-16F7-4668-BE54-9A1E7A4F7556}") = "Tingle.AspNetCore.Authentication", "src\Tingle.AspNetCore.Authentication\Tingle.AspNetCore.Authentication.csproj", "{98F3A2B7-5774-4E38-8FA0-FA13B6134454}"
EndProject
Project("{9A19103F-16F7-4668-BE54-9A1E7A4F7556}") = "Tingle.AspNetCore.Authorization", "src\Tingle.AspNetCore.Authorization\Tingle.AspNetCore.Authorization.csproj", "{22690754-DCFB-4CD2-968D-239C1952B52C}"
EndProject
Project("{9A19103F-16F7-4668-BE54-9A1E7A4F7556}") = "Tingle.AspNetCore.DataProtection.MongoDB", "src\Tingle.AspNetCore.DataProtection.MongoDB\Tingle.AspNetCore.DataProtection.MongoDB.csproj", "{6F93ED1D-6475-46F2-A7DB-B2A5F9DB5A83}"
EndProject
Project("{9A19103F-16F7-4668-BE54-9A1E7A4F7556}") = "Tingle.AspNetCore.JsonPatch.NewtonsoftJson", "src\Tingle.AspNetCore.JsonPatch.NewtonsoftJson\Tingle.AspNetCore.JsonPatch.NewtonsoftJson.csproj", "{82B17C91-B96A-4290-A623-6867912A4C8E}"
EndProject
Project("{9A19103F-16F7-4668-BE54-9A1E7A4F7556}") = "Tingle.AspNetCore.Swagger", "src\Tingle.AspNetCore.Swagger\Tingle.AspNetCore.Swagger.csproj", "{C8093B92-5322-4B24-B71B-497340E5C5AA}"
EndProject
Project("{9A19103F-16F7-4668-BE54-9A1E7A4F7556}") = "Tingle.AspNetCore.Tokens", "src\Tingle.AspNetCore.Tokens\Tingle.AspNetCore.Tokens.csproj", "{B545B88C-4BE0-43FB-AE87-47706D479C6B}"
EndProject
Project("{9A19103F-16F7-4668-BE54-9A1E7A4F7556}") = "Tingle.Extensions.Caching.MongoDB", "src\Tingle.Extensions.Caching.MongoDB\Tingle.Extensions.Caching.MongoDB.csproj", "{0C6BE46B-FFBF-497C-82D9-6148364D24E8}"
EndProject
Project("{9A19103F-16F7-4668-BE54-9A1E7A4F7556}") = "Tingle.Extensions.DataAnnotations", "src\Tingle.Extensions.DataAnnotations\Tingle.Extensions.DataAnnotations.csproj", "{51FA6572-8EB6-4291-8D02-BB736057A50E}"
EndProject
Project("{9A19103F-16F7-4668-BE54-9A1E7A4F7556}") = "Tingle.Extensions.EntityFrameworkCore", "src\Tingle.Extensions.EntityFrameworkCore\Tingle.Extensions.EntityFrameworkCore.csproj", "{32D8B776-DF01-4726-B76B-9D0D1A4B8EE3}"
EndProject
Project("{9A19103F-16F7-4668-BE54-9A1E7A4F7556}") = "Tingle.Extensions.Http", "src\Tingle.Extensions.Http\Tingle.Extensions.Http.csproj", "{5BFAD4DB-D6A6-44F4-ACAB-B7B04E5A052E}"
EndProject
Project("{9A19103F-16F7-4668-BE54-9A1E7A4F7556}") = "Tingle.Extensions.Http.Authentication", "src\Tingle.Extensions.Http.Authentication\Tingle.Extensions.Http.Authentication.csproj", "{47F95938-964A-47FE-A0D6-1EDD0893455B}"
EndProject
Project("{9A19103F-16F7-4668-BE54-9A1E7A4F7556}") = "Tingle.Extensions.JsonPatch", "src\Tingle.Extensions.JsonPatch\Tingle.Extensions.JsonPatch.csproj", "{913C0212-58AC-42B7-B555-F96B8E287E7F}"
EndProject
Project("{9A19103F-16F7-4668-BE54-9A1E7A4F7556}") = "Tingle.Extensions.MongoDB", "src\Tingle.Extensions.MongoDB\Tingle.Extensions.MongoDB.csproj", "{17F58DAD-0789-4AD7-921E-24CEA09DC68B}"
EndProject
Project("{9A19103F-16F7-4668-BE54-9A1E7A4F7556}") = "Tingle.Extensions.PhoneValidators", "src\Tingle.Extensions.PhoneValidators\Tingle.Extensions.PhoneValidators.csproj", "{F46ADD04-B716-4E9B-9799-7C47DDDB08FC}"
EndProject
Project("{9A19103F-16F7-4668-BE54-9A1E7A4F7556}") = "Tingle.Extensions.Primitives", "src\Tingle.Extensions.Primitives\Tingle.Extensions.Primitives.csproj", "{3012AF4E-270B-4293-9C7B-51003F00A8D6}"
EndProject
Project("{9A19103F-16F7-4668-BE54-9A1E7A4F7556}") = "Tingle.Extensions.Processing", "src\Tingle.Extensions.Processing\Tingle.Extensions.Processing.csproj", "{A803DE4B-B050-48F2-82A1-8E947D8FB96C}"
EndProject
Project("{9A19103F-16F7-4668-BE54-9A1E7A4F7556}") = "Tingle.Extensions.PushNotifications", "src\Tingle.Extensions.PushNotifications\Tingle.Extensions.PushNotifications.csproj", "{6A1901A5-D01F-47E2-9ED5-2BE4CCE95100}"
EndProject
Project("{9A19103F-16F7-4668-BE54-9A1E7A4F7556}") = "Tingle.Extensions.Serilog", "src\Tingle.Extensions.Serilog\Tingle.Extensions.Serilog.csproj", "{29035EF2-2391-4441-AAC5-85AA43586EEB}"
EndProject
Project("{2150E333-8FDC-42A3-9474-1A3956D46DE8}") = "tests", "tests", "{815F0941-3B70-4705-A583-AF627559595C}"
	ProjectSection(SolutionItems) = preProject
		tests\Directory.Build.props = tests\Directory.Build.props
	EndProjectSection
EndProject
Project("{9A19103F-16F7-4668-BE54-9A1E7A4F7556}") = "Tingle.AspNetCore.ApplicationInsights.Tests", "tests\Tingle.AspNetCore.ApplicationInsights.Tests\Tingle.AspNetCore.ApplicationInsights.Tests.csproj", "{6CD03B65-8D8F-42D4-8E81-33D9FD932AEE}"
EndProject
Project("{9A19103F-16F7-4668-BE54-9A1E7A4F7556}") = "Tingle.AspNetCore.Authentication.Tests", "tests\Tingle.AspNetCore.Authentication.Tests\Tingle.AspNetCore.Authentication.Tests.csproj", "{A324CC70-36DD-4B38-9EC8-9069F6130FAC}"
EndProject
Project("{9A19103F-16F7-4668-BE54-9A1E7A4F7556}") = "Tingle.AspNetCore.Authorization.Tests", "tests\Tingle.AspNetCore.Authorization.Tests\Tingle.AspNetCore.Authorization.Tests.csproj", "{E67CB6B9-6F42-4E63-9603-810B5B9FBF57}"
EndProject
Project("{9A19103F-16F7-4668-BE54-9A1E7A4F7556}") = "Tingle.AspNetCore.DataProtection.MongoDB.Tests", "tests\Tingle.AspNetCore.DataProtection.MongoDB.Tests\Tingle.AspNetCore.DataProtection.MongoDB.Tests.csproj", "{E28F4E8D-148B-4583-A27D-E1DA2CC08167}"
EndProject
Project("{9A19103F-16F7-4668-BE54-9A1E7A4F7556}") = "Tingle.AspNetCore.JsonPatch.NewtonsoftJson.Tests", "tests\Tingle.AspNetCore.JsonPatch.NewtonsoftJson.Tests\Tingle.AspNetCore.JsonPatch.NewtonsoftJson.Tests.csproj", "{55B3650C-36C6-4C05-B6A2-B4CBC3DC3E4C}"
EndProject
Project("{9A19103F-16F7-4668-BE54-9A1E7A4F7556}") = "Tingle.AspNetCore.Swagger.Tests", "tests\Tingle.AspNetCore.Swagger.Tests\Tingle.AspNetCore.Swagger.Tests.csproj", "{AAA0315A-779D-4F1E-89CA-EA78A5B6E3ED}"
EndProject
Project("{9A19103F-16F7-4668-BE54-9A1E7A4F7556}") = "Tingle.AspNetCore.Tokens.Tests", "tests\Tingle.AspNetCore.Tokens.Tests\Tingle.AspNetCore.Tokens.Tests.csproj", "{FB2F8961-9F8F-4B35-ACAC-CCBEA2A89684}"
EndProject
Project("{9A19103F-16F7-4668-BE54-9A1E7A4F7556}") = "Tingle.Extensions.Caching.MongoDB.Tests", "tests\Tingle.Extensions.Caching.MongoDB.Tests\Tingle.Extensions.Caching.MongoDB.Tests.csproj", "{0EA063C6-9A97-4DE8-9344-5D2BDD301134}"
EndProject
Project("{9A19103F-16F7-4668-BE54-9A1E7A4F7556}") = "Tingle.Extensions.DataAnnotations.Tests", "tests\Tingle.Extensions.DataAnnotations.Tests\Tingle.Extensions.DataAnnotations.Tests.csproj", "{8E3530BB-ED60-4A2C-9BD2-C6879D67B4BD}"
EndProject
Project("{9A19103F-16F7-4668-BE54-9A1E7A4F7556}") = "Tingle.Extensions.EntityFrameworkCore.Tests", "tests\Tingle.Extensions.EntityFrameworkCore.Tests\Tingle.Extensions.EntityFrameworkCore.Tests.csproj", "{AE6F9F63-4EB0-4BD8-B407-4AE91184FB07}"
EndProject
Project("{9A19103F-16F7-4668-BE54-9A1E7A4F7556}") = "Tingle.Extensions.Http.Tests", "tests\Tingle.Extensions.Http.Tests\Tingle.Extensions.Http.Tests.csproj", "{41980843-7F99-4AD2-B9E9-B13FC349A150}"
EndProject
Project("{9A19103F-16F7-4668-BE54-9A1E7A4F7556}") = "Tingle.Extensions.Http.Authentication.Tests", "tests\Tingle.Extensions.Http.Authentication.Tests\Tingle.Extensions.Http.Authentication.Tests.csproj", "{D0C66D3A-ED1F-486E-AA19-BDBB19025368}"
EndProject
Project("{9A19103F-16F7-4668-BE54-9A1E7A4F7556}") = "Tingle.Extensions.JsonPatch.Tests", "tests\Tingle.Extensions.JsonPatch.Tests\Tingle.Extensions.JsonPatch.Tests.csproj", "{B82E2980-E145-4341-BAE0-8FAE1F110D0C}"
EndProject
Project("{9A19103F-16F7-4668-BE54-9A1E7A4F7556}") = "Tingle.Extensions.MongoDB.Tests", "tests\Tingle.Extensions.MongoDB.Tests\Tingle.Extensions.MongoDB.Tests.csproj", "{D8BFE67A-C3A7-4523-8119-D9FCD5EF3E7F}"
EndProject
Project("{9A19103F-16F7-4668-BE54-9A1E7A4F7556}") = "Tingle.Extensions.PhoneValidators.Tests", "tests\Tingle.Extensions.PhoneValidators.Tests\Tingle.Extensions.PhoneValidators.Tests.csproj", "{526B37AD-256A-445A-9A42-E5C53989B11E}"
EndProject
Project("{9A19103F-16F7-4668-BE54-9A1E7A4F7556}") = "Tingle.Extensions.Primitives.Tests", "tests\Tingle.Extensions.Primitives.Tests\Tingle.Extensions.Primitives.Tests.csproj", "{33E2AC82-DC46-42CA-A41B-0D8D97019402}"
EndProject
Project("{9A19103F-16F7-4668-BE54-9A1E7A4F7556}") = "Tingle.Extensions.Processing.Tests", "tests\Tingle.Extensions.Processing.Tests\Tingle.Extensions.Processing.Tests.csproj", "{978023EA-2ED5-4A28-96AD-4BB914EF2BE5}"
EndProject
Project("{9A19103F-16F7-4668-BE54-9A1E7A4F7556}") = "Tingle.Extensions.PushNotifications.Tests", "tests\Tingle.Extensions.PushNotifications.Tests\Tingle.Extensions.PushNotifications.Tests.csproj", "{A8AB6597-DEBB-4828-AE1B-A11FD818E428}"
EndProject
Project("{9A19103F-16F7-4668-BE54-9A1E7A4F7556}") = "Tingle.Extensions.Serilog.Tests", "tests\Tingle.Extensions.Serilog.Tests\Tingle.Extensions.Serilog.Tests.csproj", "{8E611861-09A3-4AE4-8392-E7CB9BE02B3B}"
EndProject
Project("{2150E333-8FDC-42A3-9474-1A3956D46DE8}") = "samples", "samples", "{CE7124E9-01B3-4AD6-8B8F-FB302E60FB7F}"
	ProjectSection(SolutionItems) = preProject
		samples\Directory.Build.props = samples\Directory.Build.props
	EndProjectSection
EndProject
Project("{9A19103F-16F7-4668-BE54-9A1E7A4F7556}") = "ApplicationInsightsSample", "samples\ApplicationInsightsSample\ApplicationInsightsSample.csproj", "{3C4028B5-26F4-464A-9B0A-F2EA83E6C3C5}"
EndProject
Project("{9A19103F-16F7-4668-BE54-9A1E7A4F7556}") = "AspNetCoreSessionState", "samples\AspNetCoreSessionState\AspNetCoreSessionState.csproj", "{CEF2A8D5-771F-42A1-B61D-9DEA4AB1921C}"
EndProject
Project("{9A19103F-16F7-4668-BE54-9A1E7A4F7556}") = "AuthenticationSample", "samples\AuthenticationSample\AuthenticationSample.csproj", "{E04EC969-2539-46E9-B918-8C8B7BEB8828}"
EndProject
Project("{9A19103F-16F7-4668-BE54-9A1E7A4F7556}") = "AuthorizationSample", "samples\AuthorizationSample\AuthorizationSample.csproj", "{B97964EC-658A-4205-AA5A-BB814B191C35}"
EndProject
Project("{9A19103F-16F7-4668-BE54-9A1E7A4F7556}") = "DataProtectionMongoDBSample", "samples\DataProtectionMongoDBSample\DataProtectionMongoDBSample.csproj", "{ACED6271-2F75-4E3B-BB79-9D40B74D6A51}"
EndProject
Project("{9A19103F-16F7-4668-BE54-9A1E7A4F7556}") = "HttpAuthenticationSample", "samples\HttpAuthenticationSample\HttpAuthenticationSample.csproj", "{37ED98F0-3129-49B8-BF60-3BDEBBB34822}"
EndProject
Project("{9A19103F-16F7-4668-BE54-9A1E7A4F7556}") = "MongoDBSample", "samples\MongoDBSample\MongoDBSample.csproj", "{D68821D8-95A3-4DAB-9E90-676D9BE30AFB}"
EndProject
Project("{9A19103F-16F7-4668-BE54-9A1E7A4F7556}") = "SerilogSample", "samples\SerilogSample\SerilogSample.csproj", "{CFEE0754-9DAF-4AA6-98F3-477F065D7DC4}"
EndProject
Project("{9A19103F-16F7-4668-BE54-9A1E7A4F7556}") = "TokensSample", "samples\TokensSample\TokensSample.csproj", "{AC04C113-8F75-43BA-8FEE-987475A87C58}"
EndProject
Project("{2150E333-8FDC-42A3-9474-1A3956D46DE8}") = "generator", "generator", "{9071B0C9-DE4D-411D-A9D3-CB7326CBBD80}"
EndProject
Project("{9A19103F-16F7-4668-BE54-9A1E7A4F7556}") = "StaticDataGenerator", "generator\StaticDataGenerator.csproj", "{009C5985-9DD4-45A8-A31E-4E6B7FE5EE78}"
EndProject
Global
	GlobalSection(SolutionConfigurationPlatforms) = preSolution
		Debug|Any CPU = Debug|Any CPU
		Release|Any CPU = Release|Any CPU
	EndGlobalSection
	GlobalSection(ProjectConfigurationPlatforms) = postSolution
		{644FFD56-7880-4EFB-BBB1-E29FC7EBFD3F}.Debug|Any CPU.ActiveCfg = Debug|Any CPU
		{644FFD56-7880-4EFB-BBB1-E29FC7EBFD3F}.Debug|Any CPU.Build.0 = Debug|Any CPU
		{644FFD56-7880-4EFB-BBB1-E29FC7EBFD3F}.Release|Any CPU.ActiveCfg = Release|Any CPU
		{644FFD56-7880-4EFB-BBB1-E29FC7EBFD3F}.Release|Any CPU.Build.0 = Release|Any CPU
		{98F3A2B7-5774-4E38-8FA0-FA13B6134454}.Debug|Any CPU.ActiveCfg = Debug|Any CPU
		{98F3A2B7-5774-4E38-8FA0-FA13B6134454}.Debug|Any CPU.Build.0 = Debug|Any CPU
		{98F3A2B7-5774-4E38-8FA0-FA13B6134454}.Release|Any CPU.ActiveCfg = Release|Any CPU
		{98F3A2B7-5774-4E38-8FA0-FA13B6134454}.Release|Any CPU.Build.0 = Release|Any CPU
		{22690754-DCFB-4CD2-968D-239C1952B52C}.Debug|Any CPU.ActiveCfg = Debug|Any CPU
		{22690754-DCFB-4CD2-968D-239C1952B52C}.Debug|Any CPU.Build.0 = Debug|Any CPU
		{22690754-DCFB-4CD2-968D-239C1952B52C}.Release|Any CPU.ActiveCfg = Release|Any CPU
		{22690754-DCFB-4CD2-968D-239C1952B52C}.Release|Any CPU.Build.0 = Release|Any CPU
		{6F93ED1D-6475-46F2-A7DB-B2A5F9DB5A83}.Debug|Any CPU.ActiveCfg = Debug|Any CPU
		{6F93ED1D-6475-46F2-A7DB-B2A5F9DB5A83}.Debug|Any CPU.Build.0 = Debug|Any CPU
		{6F93ED1D-6475-46F2-A7DB-B2A5F9DB5A83}.Release|Any CPU.ActiveCfg = Release|Any CPU
		{6F93ED1D-6475-46F2-A7DB-B2A5F9DB5A83}.Release|Any CPU.Build.0 = Release|Any CPU
		{82B17C91-B96A-4290-A623-6867912A4C8E}.Debug|Any CPU.ActiveCfg = Debug|Any CPU
		{82B17C91-B96A-4290-A623-6867912A4C8E}.Debug|Any CPU.Build.0 = Debug|Any CPU
		{82B17C91-B96A-4290-A623-6867912A4C8E}.Release|Any CPU.ActiveCfg = Release|Any CPU
		{82B17C91-B96A-4290-A623-6867912A4C8E}.Release|Any CPU.Build.0 = Release|Any CPU
		{C8093B92-5322-4B24-B71B-497340E5C5AA}.Debug|Any CPU.ActiveCfg = Debug|Any CPU
		{C8093B92-5322-4B24-B71B-497340E5C5AA}.Debug|Any CPU.Build.0 = Debug|Any CPU
		{C8093B92-5322-4B24-B71B-497340E5C5AA}.Release|Any CPU.ActiveCfg = Release|Any CPU
		{C8093B92-5322-4B24-B71B-497340E5C5AA}.Release|Any CPU.Build.0 = Release|Any CPU
		{B545B88C-4BE0-43FB-AE87-47706D479C6B}.Debug|Any CPU.ActiveCfg = Debug|Any CPU
		{B545B88C-4BE0-43FB-AE87-47706D479C6B}.Debug|Any CPU.Build.0 = Debug|Any CPU
		{B545B88C-4BE0-43FB-AE87-47706D479C6B}.Release|Any CPU.ActiveCfg = Release|Any CPU
		{B545B88C-4BE0-43FB-AE87-47706D479C6B}.Release|Any CPU.Build.0 = Release|Any CPU
		{0C6BE46B-FFBF-497C-82D9-6148364D24E8}.Debug|Any CPU.ActiveCfg = Debug|Any CPU
		{0C6BE46B-FFBF-497C-82D9-6148364D24E8}.Debug|Any CPU.Build.0 = Debug|Any CPU
		{0C6BE46B-FFBF-497C-82D9-6148364D24E8}.Release|Any CPU.ActiveCfg = Release|Any CPU
		{0C6BE46B-FFBF-497C-82D9-6148364D24E8}.Release|Any CPU.Build.0 = Release|Any CPU
		{51FA6572-8EB6-4291-8D02-BB736057A50E}.Debug|Any CPU.ActiveCfg = Debug|Any CPU
		{51FA6572-8EB6-4291-8D02-BB736057A50E}.Debug|Any CPU.Build.0 = Debug|Any CPU
		{51FA6572-8EB6-4291-8D02-BB736057A50E}.Release|Any CPU.ActiveCfg = Release|Any CPU
		{51FA6572-8EB6-4291-8D02-BB736057A50E}.Release|Any CPU.Build.0 = Release|Any CPU
		{32D8B776-DF01-4726-B76B-9D0D1A4B8EE3}.Debug|Any CPU.ActiveCfg = Debug|Any CPU
		{32D8B776-DF01-4726-B76B-9D0D1A4B8EE3}.Debug|Any CPU.Build.0 = Debug|Any CPU
		{32D8B776-DF01-4726-B76B-9D0D1A4B8EE3}.Release|Any CPU.ActiveCfg = Release|Any CPU
		{32D8B776-DF01-4726-B76B-9D0D1A4B8EE3}.Release|Any CPU.Build.0 = Release|Any CPU
		{5BFAD4DB-D6A6-44F4-ACAB-B7B04E5A052E}.Debug|Any CPU.ActiveCfg = Debug|Any CPU
		{5BFAD4DB-D6A6-44F4-ACAB-B7B04E5A052E}.Debug|Any CPU.Build.0 = Debug|Any CPU
		{5BFAD4DB-D6A6-44F4-ACAB-B7B04E5A052E}.Release|Any CPU.ActiveCfg = Release|Any CPU
		{5BFAD4DB-D6A6-44F4-ACAB-B7B04E5A052E}.Release|Any CPU.Build.0 = Release|Any CPU
		{47F95938-964A-47FE-A0D6-1EDD0893455B}.Debug|Any CPU.ActiveCfg = Debug|Any CPU
		{47F95938-964A-47FE-A0D6-1EDD0893455B}.Debug|Any CPU.Build.0 = Debug|Any CPU
		{47F95938-964A-47FE-A0D6-1EDD0893455B}.Release|Any CPU.ActiveCfg = Release|Any CPU
		{47F95938-964A-47FE-A0D6-1EDD0893455B}.Release|Any CPU.Build.0 = Release|Any CPU
		{913C0212-58AC-42B7-B555-F96B8E287E7F}.Debug|Any CPU.ActiveCfg = Debug|Any CPU
		{913C0212-58AC-42B7-B555-F96B8E287E7F}.Debug|Any CPU.Build.0 = Debug|Any CPU
		{913C0212-58AC-42B7-B555-F96B8E287E7F}.Release|Any CPU.ActiveCfg = Release|Any CPU
		{913C0212-58AC-42B7-B555-F96B8E287E7F}.Release|Any CPU.Build.0 = Release|Any CPU
		{17F58DAD-0789-4AD7-921E-24CEA09DC68B}.Debug|Any CPU.ActiveCfg = Debug|Any CPU
		{17F58DAD-0789-4AD7-921E-24CEA09DC68B}.Debug|Any CPU.Build.0 = Debug|Any CPU
		{17F58DAD-0789-4AD7-921E-24CEA09DC68B}.Release|Any CPU.ActiveCfg = Release|Any CPU
		{17F58DAD-0789-4AD7-921E-24CEA09DC68B}.Release|Any CPU.Build.0 = Release|Any CPU
		{F46ADD04-B716-4E9B-9799-7C47DDDB08FC}.Debug|Any CPU.ActiveCfg = Debug|Any CPU
		{F46ADD04-B716-4E9B-9799-7C47DDDB08FC}.Debug|Any CPU.Build.0 = Debug|Any CPU
		{F46ADD04-B716-4E9B-9799-7C47DDDB08FC}.Release|Any CPU.ActiveCfg = Release|Any CPU
		{F46ADD04-B716-4E9B-9799-7C47DDDB08FC}.Release|Any CPU.Build.0 = Release|Any CPU
		{3012AF4E-270B-4293-9C7B-51003F00A8D6}.Debug|Any CPU.ActiveCfg = Debug|Any CPU
		{3012AF4E-270B-4293-9C7B-51003F00A8D6}.Debug|Any CPU.Build.0 = Debug|Any CPU
		{3012AF4E-270B-4293-9C7B-51003F00A8D6}.Release|Any CPU.ActiveCfg = Release|Any CPU
		{3012AF4E-270B-4293-9C7B-51003F00A8D6}.Release|Any CPU.Build.0 = Release|Any CPU
		{A803DE4B-B050-48F2-82A1-8E947D8FB96C}.Debug|Any CPU.ActiveCfg = Debug|Any CPU
		{A803DE4B-B050-48F2-82A1-8E947D8FB96C}.Debug|Any CPU.Build.0 = Debug|Any CPU
		{A803DE4B-B050-48F2-82A1-8E947D8FB96C}.Release|Any CPU.ActiveCfg = Release|Any CPU
		{A803DE4B-B050-48F2-82A1-8E947D8FB96C}.Release|Any CPU.Build.0 = Release|Any CPU
		{6A1901A5-D01F-47E2-9ED5-2BE4CCE95100}.Debug|Any CPU.ActiveCfg = Debug|Any CPU
		{6A1901A5-D01F-47E2-9ED5-2BE4CCE95100}.Debug|Any CPU.Build.0 = Debug|Any CPU
		{6A1901A5-D01F-47E2-9ED5-2BE4CCE95100}.Release|Any CPU.ActiveCfg = Release|Any CPU
		{6A1901A5-D01F-47E2-9ED5-2BE4CCE95100}.Release|Any CPU.Build.0 = Release|Any CPU
		{29035EF2-2391-4441-AAC5-85AA43586EEB}.Debug|Any CPU.ActiveCfg = Debug|Any CPU
		{29035EF2-2391-4441-AAC5-85AA43586EEB}.Debug|Any CPU.Build.0 = Debug|Any CPU
		{29035EF2-2391-4441-AAC5-85AA43586EEB}.Release|Any CPU.ActiveCfg = Release|Any CPU
		{29035EF2-2391-4441-AAC5-85AA43586EEB}.Release|Any CPU.Build.0 = Release|Any CPU
		{6CD03B65-8D8F-42D4-8E81-33D9FD932AEE}.Debug|Any CPU.ActiveCfg = Debug|Any CPU
		{6CD03B65-8D8F-42D4-8E81-33D9FD932AEE}.Debug|Any CPU.Build.0 = Debug|Any CPU
		{6CD03B65-8D8F-42D4-8E81-33D9FD932AEE}.Release|Any CPU.ActiveCfg = Release|Any CPU
		{6CD03B65-8D8F-42D4-8E81-33D9FD932AEE}.Release|Any CPU.Build.0 = Release|Any CPU
		{A324CC70-36DD-4B38-9EC8-9069F6130FAC}.Debug|Any CPU.ActiveCfg = Debug|Any CPU
		{A324CC70-36DD-4B38-9EC8-9069F6130FAC}.Debug|Any CPU.Build.0 = Debug|Any CPU
		{A324CC70-36DD-4B38-9EC8-9069F6130FAC}.Release|Any CPU.ActiveCfg = Release|Any CPU
		{A324CC70-36DD-4B38-9EC8-9069F6130FAC}.Release|Any CPU.Build.0 = Release|Any CPU
		{E67CB6B9-6F42-4E63-9603-810B5B9FBF57}.Debug|Any CPU.ActiveCfg = Debug|Any CPU
		{E67CB6B9-6F42-4E63-9603-810B5B9FBF57}.Debug|Any CPU.Build.0 = Debug|Any CPU
		{E67CB6B9-6F42-4E63-9603-810B5B9FBF57}.Release|Any CPU.ActiveCfg = Release|Any CPU
		{E67CB6B9-6F42-4E63-9603-810B5B9FBF57}.Release|Any CPU.Build.0 = Release|Any CPU
		{E28F4E8D-148B-4583-A27D-E1DA2CC08167}.Debug|Any CPU.ActiveCfg = Debug|Any CPU
		{E28F4E8D-148B-4583-A27D-E1DA2CC08167}.Debug|Any CPU.Build.0 = Debug|Any CPU
		{E28F4E8D-148B-4583-A27D-E1DA2CC08167}.Release|Any CPU.ActiveCfg = Release|Any CPU
		{E28F4E8D-148B-4583-A27D-E1DA2CC08167}.Release|Any CPU.Build.0 = Release|Any CPU
		{55B3650C-36C6-4C05-B6A2-B4CBC3DC3E4C}.Debug|Any CPU.ActiveCfg = Debug|Any CPU
		{55B3650C-36C6-4C05-B6A2-B4CBC3DC3E4C}.Debug|Any CPU.Build.0 = Debug|Any CPU
		{55B3650C-36C6-4C05-B6A2-B4CBC3DC3E4C}.Release|Any CPU.ActiveCfg = Release|Any CPU
		{55B3650C-36C6-4C05-B6A2-B4CBC3DC3E4C}.Release|Any CPU.Build.0 = Release|Any CPU
		{AAA0315A-779D-4F1E-89CA-EA78A5B6E3ED}.Debug|Any CPU.ActiveCfg = Debug|Any CPU
		{AAA0315A-779D-4F1E-89CA-EA78A5B6E3ED}.Debug|Any CPU.Build.0 = Debug|Any CPU
		{AAA0315A-779D-4F1E-89CA-EA78A5B6E3ED}.Release|Any CPU.ActiveCfg = Release|Any CPU
		{AAA0315A-779D-4F1E-89CA-EA78A5B6E3ED}.Release|Any CPU.Build.0 = Release|Any CPU
		{FB2F8961-9F8F-4B35-ACAC-CCBEA2A89684}.Debug|Any CPU.ActiveCfg = Debug|Any CPU
		{FB2F8961-9F8F-4B35-ACAC-CCBEA2A89684}.Debug|Any CPU.Build.0 = Debug|Any CPU
		{FB2F8961-9F8F-4B35-ACAC-CCBEA2A89684}.Release|Any CPU.ActiveCfg = Release|Any CPU
		{FB2F8961-9F8F-4B35-ACAC-CCBEA2A89684}.Release|Any CPU.Build.0 = Release|Any CPU
		{0EA063C6-9A97-4DE8-9344-5D2BDD301134}.Debug|Any CPU.ActiveCfg = Debug|Any CPU
		{0EA063C6-9A97-4DE8-9344-5D2BDD301134}.Debug|Any CPU.Build.0 = Debug|Any CPU
		{0EA063C6-9A97-4DE8-9344-5D2BDD301134}.Release|Any CPU.ActiveCfg = Release|Any CPU
		{0EA063C6-9A97-4DE8-9344-5D2BDD301134}.Release|Any CPU.Build.0 = Release|Any CPU
		{8E3530BB-ED60-4A2C-9BD2-C6879D67B4BD}.Debug|Any CPU.ActiveCfg = Debug|Any CPU
		{8E3530BB-ED60-4A2C-9BD2-C6879D67B4BD}.Debug|Any CPU.Build.0 = Debug|Any CPU
		{8E3530BB-ED60-4A2C-9BD2-C6879D67B4BD}.Release|Any CPU.ActiveCfg = Release|Any CPU
		{8E3530BB-ED60-4A2C-9BD2-C6879D67B4BD}.Release|Any CPU.Build.0 = Release|Any CPU
		{AE6F9F63-4EB0-4BD8-B407-4AE91184FB07}.Debug|Any CPU.ActiveCfg = Debug|Any CPU
		{AE6F9F63-4EB0-4BD8-B407-4AE91184FB07}.Debug|Any CPU.Build.0 = Debug|Any CPU
		{AE6F9F63-4EB0-4BD8-B407-4AE91184FB07}.Release|Any CPU.ActiveCfg = Release|Any CPU
		{AE6F9F63-4EB0-4BD8-B407-4AE91184FB07}.Release|Any CPU.Build.0 = Release|Any CPU
		{41980843-7F99-4AD2-B9E9-B13FC349A150}.Debug|Any CPU.ActiveCfg = Debug|Any CPU
		{41980843-7F99-4AD2-B9E9-B13FC349A150}.Debug|Any CPU.Build.0 = Debug|Any CPU
		{41980843-7F99-4AD2-B9E9-B13FC349A150}.Release|Any CPU.ActiveCfg = Release|Any CPU
		{41980843-7F99-4AD2-B9E9-B13FC349A150}.Release|Any CPU.Build.0 = Release|Any CPU
		{D0C66D3A-ED1F-486E-AA19-BDBB19025368}.Debug|Any CPU.ActiveCfg = Debug|Any CPU
		{D0C66D3A-ED1F-486E-AA19-BDBB19025368}.Debug|Any CPU.Build.0 = Debug|Any CPU
		{D0C66D3A-ED1F-486E-AA19-BDBB19025368}.Release|Any CPU.ActiveCfg = Release|Any CPU
		{D0C66D3A-ED1F-486E-AA19-BDBB19025368}.Release|Any CPU.Build.0 = Release|Any CPU
		{B82E2980-E145-4341-BAE0-8FAE1F110D0C}.Debug|Any CPU.ActiveCfg = Debug|Any CPU
		{B82E2980-E145-4341-BAE0-8FAE1F110D0C}.Debug|Any CPU.Build.0 = Debug|Any CPU
		{B82E2980-E145-4341-BAE0-8FAE1F110D0C}.Release|Any CPU.ActiveCfg = Release|Any CPU
		{B82E2980-E145-4341-BAE0-8FAE1F110D0C}.Release|Any CPU.Build.0 = Release|Any CPU
		{D8BFE67A-C3A7-4523-8119-D9FCD5EF3E7F}.Debug|Any CPU.ActiveCfg = Debug|Any CPU
		{D8BFE67A-C3A7-4523-8119-D9FCD5EF3E7F}.Debug|Any CPU.Build.0 = Debug|Any CPU
		{D8BFE67A-C3A7-4523-8119-D9FCD5EF3E7F}.Release|Any CPU.ActiveCfg = Release|Any CPU
		{D8BFE67A-C3A7-4523-8119-D9FCD5EF3E7F}.Release|Any CPU.Build.0 = Release|Any CPU
		{526B37AD-256A-445A-9A42-E5C53989B11E}.Debug|Any CPU.ActiveCfg = Debug|Any CPU
		{526B37AD-256A-445A-9A42-E5C53989B11E}.Debug|Any CPU.Build.0 = Debug|Any CPU
		{526B37AD-256A-445A-9A42-E5C53989B11E}.Release|Any CPU.ActiveCfg = Release|Any CPU
		{526B37AD-256A-445A-9A42-E5C53989B11E}.Release|Any CPU.Build.0 = Release|Any CPU
		{33E2AC82-DC46-42CA-A41B-0D8D97019402}.Debug|Any CPU.ActiveCfg = Debug|Any CPU
		{33E2AC82-DC46-42CA-A41B-0D8D97019402}.Debug|Any CPU.Build.0 = Debug|Any CPU
		{33E2AC82-DC46-42CA-A41B-0D8D97019402}.Release|Any CPU.ActiveCfg = Release|Any CPU
		{33E2AC82-DC46-42CA-A41B-0D8D97019402}.Release|Any CPU.Build.0 = Release|Any CPU
		{978023EA-2ED5-4A28-96AD-4BB914EF2BE5}.Debug|Any CPU.ActiveCfg = Debug|Any CPU
		{978023EA-2ED5-4A28-96AD-4BB914EF2BE5}.Debug|Any CPU.Build.0 = Debug|Any CPU
		{978023EA-2ED5-4A28-96AD-4BB914EF2BE5}.Release|Any CPU.ActiveCfg = Release|Any CPU
		{978023EA-2ED5-4A28-96AD-4BB914EF2BE5}.Release|Any CPU.Build.0 = Release|Any CPU
		{A8AB6597-DEBB-4828-AE1B-A11FD818E428}.Debug|Any CPU.ActiveCfg = Debug|Any CPU
		{A8AB6597-DEBB-4828-AE1B-A11FD818E428}.Debug|Any CPU.Build.0 = Debug|Any CPU
		{A8AB6597-DEBB-4828-AE1B-A11FD818E428}.Release|Any CPU.ActiveCfg = Release|Any CPU
		{A8AB6597-DEBB-4828-AE1B-A11FD818E428}.Release|Any CPU.Build.0 = Release|Any CPU
		{8E611861-09A3-4AE4-8392-E7CB9BE02B3B}.Debug|Any CPU.ActiveCfg = Debug|Any CPU
		{8E611861-09A3-4AE4-8392-E7CB9BE02B3B}.Debug|Any CPU.Build.0 = Debug|Any CPU
		{8E611861-09A3-4AE4-8392-E7CB9BE02B3B}.Release|Any CPU.ActiveCfg = Release|Any CPU
		{8E611861-09A3-4AE4-8392-E7CB9BE02B3B}.Release|Any CPU.Build.0 = Release|Any CPU
		{3C4028B5-26F4-464A-9B0A-F2EA83E6C3C5}.Debug|Any CPU.ActiveCfg = Debug|Any CPU
		{3C4028B5-26F4-464A-9B0A-F2EA83E6C3C5}.Debug|Any CPU.Build.0 = Debug|Any CPU
		{3C4028B5-26F4-464A-9B0A-F2EA83E6C3C5}.Release|Any CPU.ActiveCfg = Release|Any CPU
		{3C4028B5-26F4-464A-9B0A-F2EA83E6C3C5}.Release|Any CPU.Build.0 = Release|Any CPU
		{CEF2A8D5-771F-42A1-B61D-9DEA4AB1921C}.Debug|Any CPU.ActiveCfg = Debug|Any CPU
		{CEF2A8D5-771F-42A1-B61D-9DEA4AB1921C}.Debug|Any CPU.Build.0 = Debug|Any CPU
		{CEF2A8D5-771F-42A1-B61D-9DEA4AB1921C}.Release|Any CPU.ActiveCfg = Release|Any CPU
		{CEF2A8D5-771F-42A1-B61D-9DEA4AB1921C}.Release|Any CPU.Build.0 = Release|Any CPU
		{E04EC969-2539-46E9-B918-8C8B7BEB8828}.Debug|Any CPU.ActiveCfg = Debug|Any CPU
		{E04EC969-2539-46E9-B918-8C8B7BEB8828}.Debug|Any CPU.Build.0 = Debug|Any CPU
		{E04EC969-2539-46E9-B918-8C8B7BEB8828}.Release|Any CPU.ActiveCfg = Release|Any CPU
		{E04EC969-2539-46E9-B918-8C8B7BEB8828}.Release|Any CPU.Build.0 = Release|Any CPU
		{B97964EC-658A-4205-AA5A-BB814B191C35}.Debug|Any CPU.ActiveCfg = Debug|Any CPU
		{B97964EC-658A-4205-AA5A-BB814B191C35}.Debug|Any CPU.Build.0 = Debug|Any CPU
		{B97964EC-658A-4205-AA5A-BB814B191C35}.Release|Any CPU.ActiveCfg = Release|Any CPU
		{B97964EC-658A-4205-AA5A-BB814B191C35}.Release|Any CPU.Build.0 = Release|Any CPU
		{ACED6271-2F75-4E3B-BB79-9D40B74D6A51}.Debug|Any CPU.ActiveCfg = Debug|Any CPU
		{ACED6271-2F75-4E3B-BB79-9D40B74D6A51}.Debug|Any CPU.Build.0 = Debug|Any CPU
		{ACED6271-2F75-4E3B-BB79-9D40B74D6A51}.Release|Any CPU.ActiveCfg = Release|Any CPU
		{ACED6271-2F75-4E3B-BB79-9D40B74D6A51}.Release|Any CPU.Build.0 = Release|Any CPU
		{37ED98F0-3129-49B8-BF60-3BDEBBB34822}.Debug|Any CPU.ActiveCfg = Debug|Any CPU
		{37ED98F0-3129-49B8-BF60-3BDEBBB34822}.Debug|Any CPU.Build.0 = Debug|Any CPU
		{37ED98F0-3129-49B8-BF60-3BDEBBB34822}.Release|Any CPU.ActiveCfg = Release|Any CPU
		{37ED98F0-3129-49B8-BF60-3BDEBBB34822}.Release|Any CPU.Build.0 = Release|Any CPU
		{D68821D8-95A3-4DAB-9E90-676D9BE30AFB}.Debug|Any CPU.ActiveCfg = Debug|Any CPU
		{D68821D8-95A3-4DAB-9E90-676D9BE30AFB}.Debug|Any CPU.Build.0 = Debug|Any CPU
		{D68821D8-95A3-4DAB-9E90-676D9BE30AFB}.Release|Any CPU.ActiveCfg = Release|Any CPU
		{D68821D8-95A3-4DAB-9E90-676D9BE30AFB}.Release|Any CPU.Build.0 = Release|Any CPU
		{CFEE0754-9DAF-4AA6-98F3-477F065D7DC4}.Debug|Any CPU.ActiveCfg = Debug|Any CPU
		{CFEE0754-9DAF-4AA6-98F3-477F065D7DC4}.Debug|Any CPU.Build.0 = Debug|Any CPU
		{CFEE0754-9DAF-4AA6-98F3-477F065D7DC4}.Release|Any CPU.ActiveCfg = Release|Any CPU
		{CFEE0754-9DAF-4AA6-98F3-477F065D7DC4}.Release|Any CPU.Build.0 = Release|Any CPU
		{AC04C113-8F75-43BA-8FEE-987475A87C58}.Debug|Any CPU.ActiveCfg = Debug|Any CPU
		{AC04C113-8F75-43BA-8FEE-987475A87C58}.Debug|Any CPU.Build.0 = Debug|Any CPU
		{AC04C113-8F75-43BA-8FEE-987475A87C58}.Release|Any CPU.ActiveCfg = Release|Any CPU
		{AC04C113-8F75-43BA-8FEE-987475A87C58}.Release|Any CPU.Build.0 = Release|Any CPU
		{009C5985-9DD4-45A8-A31E-4E6B7FE5EE78}.Debug|Any CPU.ActiveCfg = Debug|Any CPU
		{009C5985-9DD4-45A8-A31E-4E6B7FE5EE78}.Debug|Any CPU.Build.0 = Debug|Any CPU
		{009C5985-9DD4-45A8-A31E-4E6B7FE5EE78}.Release|Any CPU.ActiveCfg = Release|Any CPU
		{009C5985-9DD4-45A8-A31E-4E6B7FE5EE78}.Release|Any CPU.Build.0 = Release|Any CPU
	EndGlobalSection
	GlobalSection(SolutionProperties) = preSolution
		HideSolutionNode = FALSE
	EndGlobalSection
	GlobalSection(NestedProjects) = preSolution
		{644FFD56-7880-4EFB-BBB1-E29FC7EBFD3F} = {9546186D-D4E1-4EDB-956E-1F81C7F4DB72}
		{98F3A2B7-5774-4E38-8FA0-FA13B6134454} = {9546186D-D4E1-4EDB-956E-1F81C7F4DB72}
		{22690754-DCFB-4CD2-968D-239C1952B52C} = {9546186D-D4E1-4EDB-956E-1F81C7F4DB72}
		{6F93ED1D-6475-46F2-A7DB-B2A5F9DB5A83} = {9546186D-D4E1-4EDB-956E-1F81C7F4DB72}
		{82B17C91-B96A-4290-A623-6867912A4C8E} = {9546186D-D4E1-4EDB-956E-1F81C7F4DB72}
		{C8093B92-5322-4B24-B71B-497340E5C5AA} = {9546186D-D4E1-4EDB-956E-1F81C7F4DB72}
		{B545B88C-4BE0-43FB-AE87-47706D479C6B} = {9546186D-D4E1-4EDB-956E-1F81C7F4DB72}
		{0C6BE46B-FFBF-497C-82D9-6148364D24E8} = {9546186D-D4E1-4EDB-956E-1F81C7F4DB72}
		{51FA6572-8EB6-4291-8D02-BB736057A50E} = {9546186D-D4E1-4EDB-956E-1F81C7F4DB72}
		{32D8B776-DF01-4726-B76B-9D0D1A4B8EE3} = {9546186D-D4E1-4EDB-956E-1F81C7F4DB72}
		{5BFAD4DB-D6A6-44F4-ACAB-B7B04E5A052E} = {9546186D-D4E1-4EDB-956E-1F81C7F4DB72}
		{47F95938-964A-47FE-A0D6-1EDD0893455B} = {9546186D-D4E1-4EDB-956E-1F81C7F4DB72}
		{913C0212-58AC-42B7-B555-F96B8E287E7F} = {9546186D-D4E1-4EDB-956E-1F81C7F4DB72}
		{17F58DAD-0789-4AD7-921E-24CEA09DC68B} = {9546186D-D4E1-4EDB-956E-1F81C7F4DB72}
		{F46ADD04-B716-4E9B-9799-7C47DDDB08FC} = {9546186D-D4E1-4EDB-956E-1F81C7F4DB72}
		{3012AF4E-270B-4293-9C7B-51003F00A8D6} = {9546186D-D4E1-4EDB-956E-1F81C7F4DB72}
		{A803DE4B-B050-48F2-82A1-8E947D8FB96C} = {9546186D-D4E1-4EDB-956E-1F81C7F4DB72}
		{6A1901A5-D01F-47E2-9ED5-2BE4CCE95100} = {9546186D-D4E1-4EDB-956E-1F81C7F4DB72}
		{29035EF2-2391-4441-AAC5-85AA43586EEB} = {9546186D-D4E1-4EDB-956E-1F81C7F4DB72}
		{6CD03B65-8D8F-42D4-8E81-33D9FD932AEE} = {815F0941-3B70-4705-A583-AF627559595C}
		{A324CC70-36DD-4B38-9EC8-9069F6130FAC} = {815F0941-3B70-4705-A583-AF627559595C}
		{E67CB6B9-6F42-4E63-9603-810B5B9FBF57} = {815F0941-3B70-4705-A583-AF627559595C}
		{E28F4E8D-148B-4583-A27D-E1DA2CC08167} = {815F0941-3B70-4705-A583-AF627559595C}
		{55B3650C-36C6-4C05-B6A2-B4CBC3DC3E4C} = {815F0941-3B70-4705-A583-AF627559595C}
		{AAA0315A-779D-4F1E-89CA-EA78A5B6E3ED} = {815F0941-3B70-4705-A583-AF627559595C}
		{FB2F8961-9F8F-4B35-ACAC-CCBEA2A89684} = {815F0941-3B70-4705-A583-AF627559595C}
		{0EA063C6-9A97-4DE8-9344-5D2BDD301134} = {815F0941-3B70-4705-A583-AF627559595C}
		{8E3530BB-ED60-4A2C-9BD2-C6879D67B4BD} = {815F0941-3B70-4705-A583-AF627559595C}
		{AE6F9F63-4EB0-4BD8-B407-4AE91184FB07} = {815F0941-3B70-4705-A583-AF627559595C}
		{41980843-7F99-4AD2-B9E9-B13FC349A150} = {815F0941-3B70-4705-A583-AF627559595C}
		{D0C66D3A-ED1F-486E-AA19-BDBB19025368} = {815F0941-3B70-4705-A583-AF627559595C}
		{B82E2980-E145-4341-BAE0-8FAE1F110D0C} = {815F0941-3B70-4705-A583-AF627559595C}
		{D8BFE67A-C3A7-4523-8119-D9FCD5EF3E7F} = {815F0941-3B70-4705-A583-AF627559595C}
		{526B37AD-256A-445A-9A42-E5C53989B11E} = {815F0941-3B70-4705-A583-AF627559595C}
		{33E2AC82-DC46-42CA-A41B-0D8D97019402} = {815F0941-3B70-4705-A583-AF627559595C}
		{978023EA-2ED5-4A28-96AD-4BB914EF2BE5} = {815F0941-3B70-4705-A583-AF627559595C}
		{A8AB6597-DEBB-4828-AE1B-A11FD818E428} = {815F0941-3B70-4705-A583-AF627559595C}
		{8E611861-09A3-4AE4-8392-E7CB9BE02B3B} = {815F0941-3B70-4705-A583-AF627559595C}
		{3C4028B5-26F4-464A-9B0A-F2EA83E6C3C5} = {CE7124E9-01B3-4AD6-8B8F-FB302E60FB7F}
		{CEF2A8D5-771F-42A1-B61D-9DEA4AB1921C} = {CE7124E9-01B3-4AD6-8B8F-FB302E60FB7F}
		{E04EC969-2539-46E9-B918-8C8B7BEB8828} = {CE7124E9-01B3-4AD6-8B8F-FB302E60FB7F}
		{B97964EC-658A-4205-AA5A-BB814B191C35} = {CE7124E9-01B3-4AD6-8B8F-FB302E60FB7F}
		{ACED6271-2F75-4E3B-BB79-9D40B74D6A51} = {CE7124E9-01B3-4AD6-8B8F-FB302E60FB7F}
		{37ED98F0-3129-49B8-BF60-3BDEBBB34822} = {CE7124E9-01B3-4AD6-8B8F-FB302E60FB7F}
		{D68821D8-95A3-4DAB-9E90-676D9BE30AFB} = {CE7124E9-01B3-4AD6-8B8F-FB302E60FB7F}
		{CFEE0754-9DAF-4AA6-98F3-477F065D7DC4} = {CE7124E9-01B3-4AD6-8B8F-FB302E60FB7F}
		{AC04C113-8F75-43BA-8FEE-987475A87C58} = {CE7124E9-01B3-4AD6-8B8F-FB302E60FB7F}
		{009C5985-9DD4-45A8-A31E-4E6B7FE5EE78} = {9071B0C9-DE4D-411D-A9D3-CB7326CBBD80}
	EndGlobalSection
	GlobalSection(ExtensibilityGlobals) = postSolution
		SolutionGuid = {B9323FCA-8E8B-4176-A463-87D202EC4552}
	EndGlobalSection
EndGlobal
